// !$*UTF8*$!
{
	archiveVersion = 1;
	classes = {
	};
	objectVersion = 46;
	objects = {

/* Begin PBXBuildFile section */
		2C4BF0F71F38179200AFF2E0 /* AppDelegate.swift in Sources */ = {isa = PBXBuildFile; fileRef = 2C4BF0F61F38179200AFF2E0 /* AppDelegate.swift */; };
		2C4BF0F91F38179200AFF2E0 /* ViewController.swift in Sources */ = {isa = PBXBuildFile; fileRef = 2C4BF0F81F38179200AFF2E0 /* ViewController.swift */; };
		2C4BF0FC1F38179200AFF2E0 /* Main.storyboard in Resources */ = {isa = PBXBuildFile; fileRef = 2C4BF0FA1F38179200AFF2E0 /* Main.storyboard */; };
		2C4BF0FE1F38179200AFF2E0 /* Assets.xcassets in Resources */ = {isa = PBXBuildFile; fileRef = 2C4BF0FD1F38179200AFF2E0 /* Assets.xcassets */; };
		2C4BF1011F38179200AFF2E0 /* LaunchScreen.storyboard in Resources */ = {isa = PBXBuildFile; fileRef = 2C4BF0FF1F38179200AFF2E0 /* LaunchScreen.storyboard */; };
		2C4BF10A1F383E6D00AFF2E0 /* GoogleService-Info.plist in Resources */ = {isa = PBXBuildFile; fileRef = 2C4BF1091F383E6D00AFF2E0 /* GoogleService-Info.plist */; };
		2C4BF10C1F38436100AFF2E0 /* UserNotifications.framework in Frameworks */ = {isa = PBXBuildFile; fileRef = 2C4BF10B1F38436100AFF2E0 /* UserNotifications.framework */; };
		2C4BF10E1F38436C00AFF2E0 /* PushKit.framework in Frameworks */ = {isa = PBXBuildFile; fileRef = 2C4BF10D1F38436C00AFF2E0 /* PushKit.framework */; };
		6F927945D96FDB27D66C608D /* Pods_jinjudr.framework in Frameworks */ = {isa = PBXBuildFile; fileRef = 5C741BB877CCDD3140F2FAA4 /* Pods_jinjudr.framework */; };
/* End PBXBuildFile section */

/* Begin PBXFileReference section */
		1311E9A5DF18C1370D986FA7 /* Pods-jinjudr.debug.xcconfig */ = {isa = PBXFileReference; includeInIndex = 1; lastKnownFileType = text.xcconfig; name = "Pods-jinjudr.debug.xcconfig"; path = "Pods/Target Support Files/Pods-jinjudr/Pods-jinjudr.debug.xcconfig"; sourceTree = "<group>"; };
		2C4BF0F31F38179200AFF2E0 /* jinjudr.app */ = {isa = PBXFileReference; explicitFileType = wrapper.application; includeInIndex = 0; path = jinjudr.app; sourceTree = BUILT_PRODUCTS_DIR; };
		2C4BF0F61F38179200AFF2E0 /* AppDelegate.swift */ = {isa = PBXFileReference; lastKnownFileType = sourcecode.swift; path = AppDelegate.swift; sourceTree = "<group>"; };
		2C4BF0F81F38179200AFF2E0 /* ViewController.swift */ = {isa = PBXFileReference; lastKnownFileType = sourcecode.swift; path = ViewController.swift; sourceTree = "<group>"; };
		2C4BF0FB1F38179200AFF2E0 /* Base */ = {isa = PBXFileReference; lastKnownFileType = file.storyboard; name = Base; path = Base.lproj/Main.storyboard; sourceTree = "<group>"; };
		2C4BF0FD1F38179200AFF2E0 /* Assets.xcassets */ = {isa = PBXFileReference; lastKnownFileType = folder.assetcatalog; path = Assets.xcassets; sourceTree = "<group>"; };
		2C4BF1001F38179200AFF2E0 /* Base */ = {isa = PBXFileReference; lastKnownFileType = file.storyboard; name = Base; path = Base.lproj/LaunchScreen.storyboard; sourceTree = "<group>"; };
		2C4BF1021F38179200AFF2E0 /* Info.plist */ = {isa = PBXFileReference; lastKnownFileType = text.plist.xml; path = Info.plist; sourceTree = "<group>"; };
		2C4BF1081F383AE200AFF2E0 /* jinjudr.entitlements */ = {isa = PBXFileReference; lastKnownFileType = text.plist.entitlements; path = jinjudr.entitlements; sourceTree = "<group>"; };
		2C4BF1091F383E6D00AFF2E0 /* GoogleService-Info.plist */ = {isa = PBXFileReference; fileEncoding = 4; lastKnownFileType = text.plist.xml; path = "GoogleService-Info.plist"; sourceTree = "<group>"; };
		2C4BF10B1F38436100AFF2E0 /* UserNotifications.framework */ = {isa = PBXFileReference; lastKnownFileType = wrapper.framework; name = UserNotifications.framework; path = System/Library/Frameworks/UserNotifications.framework; sourceTree = SDKROOT; };
		2C4BF10D1F38436C00AFF2E0 /* PushKit.framework */ = {isa = PBXFileReference; lastKnownFileType = wrapper.framework; name = PushKit.framework; path = System/Library/Frameworks/PushKit.framework; sourceTree = SDKROOT; };
		5C741BB877CCDD3140F2FAA4 /* Pods_jinjudr.framework */ = {isa = PBXFileReference; explicitFileType = wrapper.framework; includeInIndex = 0; path = Pods_jinjudr.framework; sourceTree = BUILT_PRODUCTS_DIR; };
		82A606E7945839EB62942791 /* Pods-jinjudr.release.xcconfig */ = {isa = PBXFileReference; includeInIndex = 1; lastKnownFileType = text.xcconfig; name = "Pods-jinjudr.release.xcconfig"; path = "Pods/Target Support Files/Pods-jinjudr/Pods-jinjudr.release.xcconfig"; sourceTree = "<group>"; };
/* End PBXFileReference section */

/* Begin PBXFrameworksBuildPhase section */
		2C4BF0F01F38179200AFF2E0 /* Frameworks */ = {
			isa = PBXFrameworksBuildPhase;
			buildActionMask = 2147483647;
			files = (
				2C4BF10E1F38436C00AFF2E0 /* PushKit.framework in Frameworks */,
				2C4BF10C1F38436100AFF2E0 /* UserNotifications.framework in Frameworks */,
				6F927945D96FDB27D66C608D /* Pods_jinjudr.framework in Frameworks */,
			);
			runOnlyForDeploymentPostprocessing = 0;
		};
/* End PBXFrameworksBuildPhase section */

/* Begin PBXGroup section */
		0F695800FE76317E00ACF62F /* Frameworks */ = {
			isa = PBXGroup;
			children = (
				2C4BF10D1F38436C00AFF2E0 /* PushKit.framework */,
				2C4BF10B1F38436100AFF2E0 /* UserNotifications.framework */,
				5C741BB877CCDD3140F2FAA4 /* Pods_jinjudr.framework */,
			);
			name = Frameworks;
			sourceTree = "<group>";
		};
		2C4BF0EA1F38179200AFF2E0 = {
			isa = PBXGroup;
			children = (
				2C4BF0F51F38179200AFF2E0 /* jinjudr */,
				2C4BF0F41F38179200AFF2E0 /* Products */,
				DB024DD9CE060FC5A8E6C501 /* Pods */,
				0F695800FE76317E00ACF62F /* Frameworks */,
			);
			sourceTree = "<group>";
		};
		2C4BF0F41F38179200AFF2E0 /* Products */ = {
			isa = PBXGroup;
			children = (
				2C4BF0F31F38179200AFF2E0 /* jinjudr.app */,
			);
			name = Products;
			sourceTree = "<group>";
		};
		2C4BF0F51F38179200AFF2E0 /* jinjudr */ = {
			isa = PBXGroup;
			children = (
				2C4BF1091F383E6D00AFF2E0 /* GoogleService-Info.plist */,
				2C4BF1081F383AE200AFF2E0 /* jinjudr.entitlements */,
				2C4BF0F61F38179200AFF2E0 /* AppDelegate.swift */,
				2C4BF0F81F38179200AFF2E0 /* ViewController.swift */,
				2C4BF0FA1F38179200AFF2E0 /* Main.storyboard */,
				2C4BF0FD1F38179200AFF2E0 /* Assets.xcassets */,
				2C4BF0FF1F38179200AFF2E0 /* LaunchScreen.storyboard */,
				2C4BF1021F38179200AFF2E0 /* Info.plist */,
			);
			path = jinjudr;
			sourceTree = "<group>";
		};
		DB024DD9CE060FC5A8E6C501 /* Pods */ = {
			isa = PBXGroup;
			children = (
				1311E9A5DF18C1370D986FA7 /* Pods-jinjudr.debug.xcconfig */,
				82A606E7945839EB62942791 /* Pods-jinjudr.release.xcconfig */,
			);
			name = Pods;
			sourceTree = "<group>";
		};
/* End PBXGroup section */

/* Begin PBXNativeTarget section */
		2C4BF0F21F38179200AFF2E0 /* jinjudr */ = {
			isa = PBXNativeTarget;
			buildConfigurationList = 2C4BF1051F38179200AFF2E0 /* Build configuration list for PBXNativeTarget "jinjudr" */;
			buildPhases = (
				7ED55F0C81B971BC95B4A7D7 /* [CP] Check Pods Manifest.lock */,
				2C4BF0EF1F38179200AFF2E0 /* Sources */,
				2C4BF0F01F38179200AFF2E0 /* Frameworks */,
				2C4BF0F11F38179200AFF2E0 /* Resources */,
				73AAE85FC478E935729FA68A /* [CP] Embed Pods Frameworks */,
				008F7C193C215154FC148C4B /* [CP] Copy Pods Resources */,
			);
			buildRules = (
			);
			dependencies = (
			);
			name = jinjudr;
			productName = jinjudr;
			productReference = 2C4BF0F31F38179200AFF2E0 /* jinjudr.app */;
			productType = "com.apple.product-type.application";
		};
/* End PBXNativeTarget section */

/* Begin PBXProject section */
		2C4BF0EB1F38179200AFF2E0 /* Project object */ = {
			isa = PBXProject;
			attributes = {
				LastSwiftUpdateCheck = 0830;
				LastUpgradeCheck = 0830;
				ORGANIZATIONNAME = "최병구";
				TargetAttributes = {
					2C4BF0F21F38179200AFF2E0 = {
						CreatedOnToolsVersion = 8.3.3;
						DevelopmentTeam = 5P9YA2PJ46;
						ProvisioningStyle = Automatic;
						SystemCapabilities = {
							com.apple.BackgroundModes = {
								enabled = 1;
							};
							com.apple.Push = {
								enabled = 1;
							};
						};
					};
				};
			};
			buildConfigurationList = 2C4BF0EE1F38179200AFF2E0 /* Build configuration list for PBXProject "jinjudr" */;
			compatibilityVersion = "Xcode 3.2";
			developmentRegion = English;
			hasScannedForEncodings = 0;
			knownRegions = (
				en,
				Base,
			);
			mainGroup = 2C4BF0EA1F38179200AFF2E0;
			productRefGroup = 2C4BF0F41F38179200AFF2E0 /* Products */;
			projectDirPath = "";
			projectRoot = "";
			targets = (
				2C4BF0F21F38179200AFF2E0 /* jinjudr */,
			);
		};
/* End PBXProject section */

/* Begin PBXResourcesBuildPhase section */
		2C4BF0F11F38179200AFF2E0 /* Resources */ = {
			isa = PBXResourcesBuildPhase;
			buildActionMask = 2147483647;
			files = (
				2C4BF1011F38179200AFF2E0 /* LaunchScreen.storyboard in Resources */,
				2C4BF10A1F383E6D00AFF2E0 /* GoogleService-Info.plist in Resources */,
				2C4BF0FE1F38179200AFF2E0 /* Assets.xcassets in Resources */,
				2C4BF0FC1F38179200AFF2E0 /* Main.storyboard in Resources */,
			);
			runOnlyForDeploymentPostprocessing = 0;
		};
/* End PBXResourcesBuildPhase section */

/* Begin PBXShellScriptBuildPhase section */
		008F7C193C215154FC148C4B /* [CP] Copy Pods Resources */ = {
			isa = PBXShellScriptBuildPhase;
			buildActionMask = 2147483647;
			files = (
			);
			inputPaths = (
			);
			name = "[CP] Copy Pods Resources";
			outputPaths = (
			);
			runOnlyForDeploymentPostprocessing = 0;
			shellPath = /bin/sh;
			shellScript = "\"${SRCROOT}/Pods/Target Support Files/Pods-jinjudr/Pods-jinjudr-resources.sh\"\n";
			showEnvVarsInLog = 0;
		};
		73AAE85FC478E935729FA68A /* [CP] Embed Pods Frameworks */ = {
			isa = PBXShellScriptBuildPhase;
			buildActionMask = 2147483647;
			files = (
			);
			inputPaths = (
				"${SRCROOT}/Pods/Target Support Files/Pods-jinjudr/Pods-jinjudr-frameworks.sh",
				"${BUILT_PRODUCTS_DIR}/GoogleToolboxForMac/GoogleToolboxForMac.framework",
				"${BUILT_PRODUCTS_DIR}/Protobuf/Protobuf.framework",
				"${BUILT_PRODUCTS_DIR}/nanopb/nanopb.framework",
			);
			name = "[CP] Embed Pods Frameworks";
			outputPaths = (
				"${TARGET_BUILD_DIR}/${FRAMEWORKS_FOLDER_PATH}/GoogleToolboxForMac.framework",
				"${TARGET_BUILD_DIR}/${FRAMEWORKS_FOLDER_PATH}/Protobuf.framework",
				"${TARGET_BUILD_DIR}/${FRAMEWORKS_FOLDER_PATH}/nanopb.framework",
			);
			runOnlyForDeploymentPostprocessing = 0;
			shellPath = /bin/sh;
			shellScript = "\"${SRCROOT}/Pods/Target Support Files/Pods-jinjudr/Pods-jinjudr-frameworks.sh\"\n";
			showEnvVarsInLog = 0;
		};
		7ED55F0C81B971BC95B4A7D7 /* [CP] Check Pods Manifest.lock */ = {
			isa = PBXShellScriptBuildPhase;
			buildActionMask = 2147483647;
			files = (
			);
			inputPaths = (
				"${PODS_PODFILE_DIR_PATH}/Podfile.lock",
				"${PODS_ROOT}/Manifest.lock",
			);
			name = "[CP] Check Pods Manifest.lock";
			outputPaths = (
				"$(DERIVED_FILE_DIR)/Pods-jinjudr-checkManifestLockResult.txt",
			);
			runOnlyForDeploymentPostprocessing = 0;
			shellPath = /bin/sh;
			shellScript = "diff \"${PODS_PODFILE_DIR_PATH}/Podfile.lock\" \"${PODS_ROOT}/Manifest.lock\" > /dev/null\nif [ $? != 0 ] ; then\n    # print error to STDERR\n    echo \"error: The sandbox is not in sync with the Podfile.lock. Run 'pod install' or update your CocoaPods installation.\" >&2\n    exit 1\nfi\n# This output is used by Xcode 'outputs' to avoid re-running this script phase.\necho \"SUCCESS\" > \"${SCRIPT_OUTPUT_FILE_0}\"\n";
			showEnvVarsInLog = 0;
		};
/* End PBXShellScriptBuildPhase section */

/* Begin PBXSourcesBuildPhase section */
		2C4BF0EF1F38179200AFF2E0 /* Sources */ = {
			isa = PBXSourcesBuildPhase;
			buildActionMask = 2147483647;
			files = (
				2C4BF0F91F38179200AFF2E0 /* ViewController.swift in Sources */,
				2C4BF0F71F38179200AFF2E0 /* AppDelegate.swift in Sources */,
			);
			runOnlyForDeploymentPostprocessing = 0;
		};
/* End PBXSourcesBuildPhase section */

/* Begin PBXVariantGroup section */
		2C4BF0FA1F38179200AFF2E0 /* Main.storyboard */ = {
			isa = PBXVariantGroup;
			children = (
				2C4BF0FB1F38179200AFF2E0 /* Base */,
			);
			name = Main.storyboard;
			sourceTree = "<group>";
		};
		2C4BF0FF1F38179200AFF2E0 /* LaunchScreen.storyboard */ = {
			isa = PBXVariantGroup;
			children = (
				2C4BF1001F38179200AFF2E0 /* Base */,
			);
			name = LaunchScreen.storyboard;
			sourceTree = "<group>";
		};
/* End PBXVariantGroup section */

/* Begin XCBuildConfiguration section */
		2C4BF1031F38179200AFF2E0 /* Debug */ = {
			isa = XCBuildConfiguration;
			buildSettings = {
				ALWAYS_SEARCH_USER_PATHS = NO;
				CLANG_ANALYZER_NONNULL = YES;
				CLANG_ANALYZER_NUMBER_OBJECT_CONVERSION = YES_AGGRESSIVE;
				CLANG_CXX_LANGUAGE_STANDARD = "gnu++0x";
				CLANG_CXX_LIBRARY = "libc++";
				CLANG_ENABLE_MODULES = YES;
				CLANG_ENABLE_OBJC_ARC = YES;
				CLANG_WARN_BOOL_CONVERSION = YES;
				CLANG_WARN_CONSTANT_CONVERSION = YES;
				CLANG_WARN_DIRECT_OBJC_ISA_USAGE = YES_ERROR;
				CLANG_WARN_DOCUMENTATION_COMMENTS = YES;
				CLANG_WARN_EMPTY_BODY = YES;
				CLANG_WARN_ENUM_CONVERSION = YES;
				CLANG_WARN_INFINITE_RECURSION = YES;
				CLANG_WARN_INT_CONVERSION = YES;
				CLANG_WARN_OBJC_ROOT_CLASS = YES_ERROR;
				CLANG_WARN_SUSPICIOUS_MOVE = YES;
				CLANG_WARN_UNREACHABLE_CODE = YES;
				CLANG_WARN__DUPLICATE_METHOD_MATCH = YES;
				"CODE_SIGN_IDENTITY[sdk=iphoneos*]" = "iPhone Developer";
				COPY_PHASE_STRIP = NO;
				DEBUG_INFORMATION_FORMAT = dwarf;
				ENABLE_STRICT_OBJC_MSGSEND = YES;
				ENABLE_TESTABILITY = YES;
				GCC_C_LANGUAGE_STANDARD = gnu99;
				GCC_DYNAMIC_NO_PIC = NO;
				GCC_NO_COMMON_BLOCKS = YES;
				GCC_OPTIMIZATION_LEVEL = 0;
				GCC_PREPROCESSOR_DEFINITIONS = (
					"DEBUG=1",
					"$(inherited)",
				);
				GCC_WARN_64_TO_32_BIT_CONVERSION = YES;
				GCC_WARN_ABOUT_RETURN_TYPE = YES_ERROR;
				GCC_WARN_UNDECLARED_SELECTOR = YES;
				GCC_WARN_UNINITIALIZED_AUTOS = YES_AGGRESSIVE;
				GCC_WARN_UNUSED_FUNCTION = YES;
				GCC_WARN_UNUSED_VARIABLE = YES;
				IPHONEOS_DEPLOYMENT_TARGET = 10.3;
				MTL_ENABLE_DEBUG_INFO = YES;
				ONLY_ACTIVE_ARCH = YES;
				SDKROOT = iphoneos;
				SWIFT_ACTIVE_COMPILATION_CONDITIONS = DEBUG;
				SWIFT_OPTIMIZATION_LEVEL = "-Onone";
				TARGETED_DEVICE_FAMILY = "1,2";
			};
			name = Debug;
		};
		2C4BF1041F38179200AFF2E0 /* Release */ = {
			isa = XCBuildConfiguration;
			buildSettings = {
				ALWAYS_SEARCH_USER_PATHS = NO;
				CLANG_ANALYZER_NONNULL = YES;
				CLANG_ANALYZER_NUMBER_OBJECT_CONVERSION = YES_AGGRESSIVE;
				CLANG_CXX_LANGUAGE_STANDARD = "gnu++0x";
				CLANG_CXX_LIBRARY = "libc++";
				CLANG_ENABLE_MODULES = YES;
				CLANG_ENABLE_OBJC_ARC = YES;
				CLANG_WARN_BOOL_CONVERSION = YES;
				CLANG_WARN_CONSTANT_CONVERSION = YES;
				CLANG_WARN_DIRECT_OBJC_ISA_USAGE = YES_ERROR;
				CLANG_WARN_DOCUMENTATION_COMMENTS = YES;
				CLANG_WARN_EMPTY_BODY = YES;
				CLANG_WARN_ENUM_CONVERSION = YES;
				CLANG_WARN_INFINITE_RECURSION = YES;
				CLANG_WARN_INT_CONVERSION = YES;
				CLANG_WARN_OBJC_ROOT_CLASS = YES_ERROR;
				CLANG_WARN_SUSPICIOUS_MOVE = YES;
				CLANG_WARN_UNREACHABLE_CODE = YES;
				CLANG_WARN__DUPLICATE_METHOD_MATCH = YES;
				"CODE_SIGN_IDENTITY[sdk=iphoneos*]" = "iPhone Developer";
				COPY_PHASE_STRIP = NO;
				DEBUG_INFORMATION_FORMAT = "dwarf-with-dsym";
				ENABLE_NS_ASSERTIONS = NO;
				ENABLE_STRICT_OBJC_MSGSEND = YES;
				GCC_C_LANGUAGE_STANDARD = gnu99;
				GCC_NO_COMMON_BLOCKS = YES;
				GCC_WARN_64_TO_32_BIT_CONVERSION = YES;
				GCC_WARN_ABOUT_RETURN_TYPE = YES_ERROR;
				GCC_WARN_UNDECLARED_SELECTOR = YES;
				GCC_WARN_UNINITIALIZED_AUTOS = YES_AGGRESSIVE;
				GCC_WARN_UNUSED_FUNCTION = YES;
				GCC_WARN_UNUSED_VARIABLE = YES;
				IPHONEOS_DEPLOYMENT_TARGET = 10.3;
				MTL_ENABLE_DEBUG_INFO = NO;
				SDKROOT = iphoneos;
				SWIFT_OPTIMIZATION_LEVEL = "-Owholemodule";
				TARGETED_DEVICE_FAMILY = "1,2";
				VALIDATE_PRODUCT = YES;
			};
			name = Release;
		};
		2C4BF1061F38179200AFF2E0 /* Debug */ = {
			isa = XCBuildConfiguration;
			baseConfigurationReference = 1311E9A5DF18C1370D986FA7 /* Pods-jinjudr.debug.xcconfig */;
			buildSettings = {
				ASSETCATALOG_COMPILER_APPICON_NAME = AppIcon;
				CODE_SIGN_ENTITLEMENTS = jinjudr/jinjudr.entitlements;
				DEVELOPMENT_TEAM = 5P9YA2PJ46;
				INFOPLIST_FILE = jinjudr/Info.plist;
				IPHONEOS_DEPLOYMENT_TARGET = 8.0;
				LD_RUNPATH_SEARCH_PATHS = "$(inherited) @executable_path/Frameworks";
				PRODUCT_BUNDLE_IDENTIFIER = kr.co.withstep.jinjudr;
				PRODUCT_NAME = "$(TARGET_NAME)";
				SWIFT_VERSION = 3.0;
				TARGETED_DEVICE_FAMILY = 1;
			};
			name = Debug;
		};
		2C4BF1071F38179200AFF2E0 /* Release */ = {
			isa = XCBuildConfiguration;
			baseConfigurationReference = 82A606E7945839EB62942791 /* Pods-jinjudr.release.xcconfig */;
			buildSettings = {
				ASSETCATALOG_COMPILER_APPICON_NAME = AppIcon;
				CODE_SIGN_ENTITLEMENTS = jinjudr/jinjudr.entitlements;
				DEVELOPMENT_TEAM = 5P9YA2PJ46;
				INFOPLIST_FILE = jinjudr/Info.plist;
				IPHONEOS_DEPLOYMENT_TARGET = 8.0;
				LD_RUNPATH_SEARCH_PATHS = "$(inherited) @executable_path/Frameworks";
				PRODUCT_BUNDLE_IDENTIFIER = kr.co.withstep.jinjudr;
				PRODUCT_NAME = "$(TARGET_NAME)";
				SWIFT_VERSION = 3.0;
				TARGETED_DEVICE_FAMILY = 1;
			};
			name = Release;
		};
/* End XCBuildConfiguration section */

/* Begin XCConfigurationList section */
		2C4BF0EE1F38179200AFF2E0 /* Build configuration list for PBXProject "jinjudr" */ = {
			isa = XCConfigurationList;
			buildConfigurations = (
				2C4BF1031F38179200AFF2E0 /* Debug */,
				2C4BF1041F38179200AFF2E0 /* Release */,
			);
			defaultConfigurationIsVisible = 0;
			defaultConfigurationName = Release;
		};
		2C4BF1051F38179200AFF2E0 /* Build configuration list for PBXNativeTarget "jinjudr" */ = {
			isa = XCConfigurationList;
			buildConfigurations = (
				2C4BF1061F38179200AFF2E0 /* Debug */,
				2C4BF1071F38179200AFF2E0 /* Release */,
			);
			defaultConfigurationIsVisible = 0;
			defaultConfigurationName = Release;
		};
/* End XCConfigurationList section */
	};
	rootObject = 2C4BF0EB1F38179200AFF2E0 /* Project object */;
}
